
Microsoft Visual Studio Solution File, Format Version 12.00
# Visual Studio Version 16
VisualStudioVersion = 16.0.30011.22
MinimumVisualStudioVersion = 10.0.40219.1
Project("{FAE04EC0-301F-11D3-BF4B-00C04F79EFBC}") = "atomicdbstarter", "atomicdbstarter\atomicdbstarter.csproj", "{6EDC6868-199F-4922-8400-9CE4F935064D}"
EndProject
Global
	GlobalSection(SolutionConfigurationPlatforms) = preSolution
		Debug|Any CPU = Debug|Any CPU
		Release|Any CPU = Release|Any CPU
	EndGlobalSection
	GlobalSection(ProjectConfigurationPlatforms) = postSolution
		{6EDC6868-199F-4922-8400-9CE4F935064D}.Debug|Any CPU.ActiveCfg = Debug|Any CPU
		{6EDC6868-199F-4922-8400-9CE4F935064D}.Debug|Any CPU.Build.0 = Debug|Any CPU
		{6EDC6868-199F-4922-8400-9CE4F935064D}.Release|Any CPU.ActiveCfg = Release|Any CPU
		{6EDC6868-199F-4922-8400-9CE4F935064D}.Release|Any CPU.Build.0 = Release|Any CPU
	EndGlobalSection
	GlobalSection(SolutionProperties) = preSolution
		HideSolutionNode = FALSE
	EndGlobalSection
	GlobalSection(ExtensibilityGlobals) = postSolution
		SolutionGuid = {17578073-B024-4027-9853-991F48FA338C}
	EndGlobalSection
EndGlobal
