
Microsoft Visual Studio Solution File, Format Version 12.00
# Visual Studio Version 16
VisualStudioVersion = 16.0.30011.22
MinimumVisualStudioVersion = 10.0.40219.1
Project("{9A19103F-16F7-4668-BE54-9A1E7A4F7556}") = "atomicdbstarter", "atomicdbstarter\atomicdbstarter.csproj", "{6EDC6868-199F-4922-8400-9CE4F935064D}"
EndProject
Project("{9A19103F-16F7-4668-BE54-9A1E7A4F7556}") = "PageManager", "PageManager\PageManager.csproj", "{47BAD1E5-1717-4138-AFBE-0F27587C7CE6}"
EndProject
Project("{9A19103F-16F7-4668-BE54-9A1E7A4F7556}") = "PageManagerTests", "tests\PageManagerTests\PageManagerTests.csproj", "{00599A0C-7CA3-45FF-8757-44248A5565AA}"
EndProject
Project("{9A19103F-16F7-4668-BE54-9A1E7A4F7556}") = "MetadataManager", "MetadataManager\MetadataManager.csproj", "{D3C3BE02-BD80-468F-B199-A2E8A3C57061}"
EndProject
Project("{9A19103F-16F7-4668-BE54-9A1E7A4F7556}") = "MetadataManagerTests", "tests\MetadataManagerTests\MetadataManagerTests.csproj", "{EFCE82BA-5F2D-4C9C-91EF-BC0C48D32651}"
EndProject
Project("{9A19103F-16F7-4668-BE54-9A1E7A4F7556}") = "Test.Common", "tests\Test.Common\Test.Common.csproj", "{4754AD50-B500-4452-8CB9-57E171486CD1}"
EndProject
Project("{9A19103F-16F7-4668-BE54-9A1E7A4F7556}") = "QueryProcessing", "QueryProcessing\QueryProcessing.csproj", "{77D778C3-8B84-4AF0-94C4-AB5B705DE45E}"
EndProject
Project("{9A19103F-16F7-4668-BE54-9A1E7A4F7556}") = "QueryProcessingTests", "tests\QueryProcessingTests\QueryProcessingTests.csproj", "{EB4E64CE-A891-43C5-8866-DF3C11DA38E9}"
EndProject
Project("{9A19103F-16F7-4668-BE54-9A1E7A4F7556}") = "UnitBenchmark", "UnitBenchmark\UnitBenchmark.csproj", "{969D6EB9-08E1-415E-968B-CC514A2D92C6}"
EndProject
Project("{6EC3EE1D-3C4E-46DD-8F32-0CC8E7565705}") = "ParserLexerFSharp", "ParserLexerFSharp\ParserLexerFSharp.fsproj", "{F036B20D-C2C7-4CD7-88EF-C59942BBBBE9}"
EndProject
Project("{9A19103F-16F7-4668-BE54-9A1E7A4F7556}") = "ParserLexerTests", "tests\ParserLexerTests\ParserLexerTests.csproj", "{AC8FA285-A0D1-49F8-93C9-425654E447FB}"
EndProject
Project("{9A19103F-16F7-4668-BE54-9A1E7A4F7556}") = "E2EQueryExecutionTests", "tests\E2EQueryExecutionTests\E2EQueryExecutionTests.csproj", "{3F86B6C5-CB0C-48DF-B5E1-3774E0D25993}"
EndProject
Project("{9A19103F-16F7-4668-BE54-9A1E7A4F7556}") = "LogManagerTests", "tests\LogManagerTests\LogManagerTests.csproj", "{208A950E-058F-4765-B7FE-945B5F05E669}"
EndProject
Project("{9A19103F-16F7-4668-BE54-9A1E7A4F7556}") = "DataStructures", "DataStructures\DataStructures.csproj", "{1172BC1D-A69A-46E5-BF07-EAAFAA2D6976}"
EndProject
Project("{9A19103F-16F7-4668-BE54-9A1E7A4F7556}") = "DataStructureTests", "tests\DataStructureTests\DataStructureTests.csproj", "{CCAB0DF0-8632-46D6-A7FD-9253BDB39FFE}"
EndProject
Project("{9A19103F-16F7-4668-BE54-9A1E7A4F7556}") = "LockManager", "LockManager\LockManager.csproj", "{E6D1E882-21AE-49FE-9058-CAE1249E0B45}"
EndProject
Project("{FAE04EC0-301F-11D3-BF4B-00C04F79EFBC}") = "LockManagerTests", "tests\LockManagerTests\LockManagerTests.csproj", "{B29986CC-604A-4E62-863D-ED18DD2D8F42}"
EndProject
Global
	GlobalSection(SolutionConfigurationPlatforms) = preSolution
		Debug|Any CPU = Debug|Any CPU
		Release|Any CPU = Release|Any CPU
	EndGlobalSection
	GlobalSection(ProjectConfigurationPlatforms) = postSolution
		{6EDC6868-199F-4922-8400-9CE4F935064D}.Debug|Any CPU.ActiveCfg = Debug|Any CPU
		{6EDC6868-199F-4922-8400-9CE4F935064D}.Debug|Any CPU.Build.0 = Debug|Any CPU
		{6EDC6868-199F-4922-8400-9CE4F935064D}.Release|Any CPU.ActiveCfg = Release|Any CPU
		{6EDC6868-199F-4922-8400-9CE4F935064D}.Release|Any CPU.Build.0 = Release|Any CPU
		{47BAD1E5-1717-4138-AFBE-0F27587C7CE6}.Debug|Any CPU.ActiveCfg = Debug|Any CPU
		{47BAD1E5-1717-4138-AFBE-0F27587C7CE6}.Debug|Any CPU.Build.0 = Debug|Any CPU
		{47BAD1E5-1717-4138-AFBE-0F27587C7CE6}.Release|Any CPU.ActiveCfg = Release|Any CPU
		{47BAD1E5-1717-4138-AFBE-0F27587C7CE6}.Release|Any CPU.Build.0 = Release|Any CPU
		{00599A0C-7CA3-45FF-8757-44248A5565AA}.Debug|Any CPU.ActiveCfg = Debug|Any CPU
		{00599A0C-7CA3-45FF-8757-44248A5565AA}.Debug|Any CPU.Build.0 = Debug|Any CPU
		{00599A0C-7CA3-45FF-8757-44248A5565AA}.Release|Any CPU.ActiveCfg = Release|Any CPU
		{00599A0C-7CA3-45FF-8757-44248A5565AA}.Release|Any CPU.Build.0 = Release|Any CPU
		{D3C3BE02-BD80-468F-B199-A2E8A3C57061}.Debug|Any CPU.ActiveCfg = Debug|Any CPU
		{D3C3BE02-BD80-468F-B199-A2E8A3C57061}.Debug|Any CPU.Build.0 = Debug|Any CPU
		{D3C3BE02-BD80-468F-B199-A2E8A3C57061}.Release|Any CPU.ActiveCfg = Release|Any CPU
		{D3C3BE02-BD80-468F-B199-A2E8A3C57061}.Release|Any CPU.Build.0 = Release|Any CPU
		{EFCE82BA-5F2D-4C9C-91EF-BC0C48D32651}.Debug|Any CPU.ActiveCfg = Debug|Any CPU
		{EFCE82BA-5F2D-4C9C-91EF-BC0C48D32651}.Debug|Any CPU.Build.0 = Debug|Any CPU
		{EFCE82BA-5F2D-4C9C-91EF-BC0C48D32651}.Release|Any CPU.ActiveCfg = Release|Any CPU
		{EFCE82BA-5F2D-4C9C-91EF-BC0C48D32651}.Release|Any CPU.Build.0 = Release|Any CPU
		{4754AD50-B500-4452-8CB9-57E171486CD1}.Debug|Any CPU.ActiveCfg = Debug|Any CPU
		{4754AD50-B500-4452-8CB9-57E171486CD1}.Debug|Any CPU.Build.0 = Debug|Any CPU
		{4754AD50-B500-4452-8CB9-57E171486CD1}.Release|Any CPU.ActiveCfg = Release|Any CPU
		{4754AD50-B500-4452-8CB9-57E171486CD1}.Release|Any CPU.Build.0 = Release|Any CPU
		{77D778C3-8B84-4AF0-94C4-AB5B705DE45E}.Debug|Any CPU.ActiveCfg = Debug|Any CPU
		{77D778C3-8B84-4AF0-94C4-AB5B705DE45E}.Debug|Any CPU.Build.0 = Debug|Any CPU
		{77D778C3-8B84-4AF0-94C4-AB5B705DE45E}.Release|Any CPU.ActiveCfg = Release|Any CPU
		{77D778C3-8B84-4AF0-94C4-AB5B705DE45E}.Release|Any CPU.Build.0 = Release|Any CPU
		{EB4E64CE-A891-43C5-8866-DF3C11DA38E9}.Debug|Any CPU.ActiveCfg = Debug|Any CPU
		{EB4E64CE-A891-43C5-8866-DF3C11DA38E9}.Debug|Any CPU.Build.0 = Debug|Any CPU
		{EB4E64CE-A891-43C5-8866-DF3C11DA38E9}.Release|Any CPU.ActiveCfg = Release|Any CPU
		{EB4E64CE-A891-43C5-8866-DF3C11DA38E9}.Release|Any CPU.Build.0 = Release|Any CPU
		{969D6EB9-08E1-415E-968B-CC514A2D92C6}.Debug|Any CPU.ActiveCfg = Debug|Any CPU
		{969D6EB9-08E1-415E-968B-CC514A2D92C6}.Debug|Any CPU.Build.0 = Debug|Any CPU
		{969D6EB9-08E1-415E-968B-CC514A2D92C6}.Release|Any CPU.ActiveCfg = Release|Any CPU
		{969D6EB9-08E1-415E-968B-CC514A2D92C6}.Release|Any CPU.Build.0 = Release|Any CPU
		{F036B20D-C2C7-4CD7-88EF-C59942BBBBE9}.Debug|Any CPU.ActiveCfg = Debug|Any CPU
		{F036B20D-C2C7-4CD7-88EF-C59942BBBBE9}.Debug|Any CPU.Build.0 = Debug|Any CPU
		{F036B20D-C2C7-4CD7-88EF-C59942BBBBE9}.Release|Any CPU.ActiveCfg = Release|Any CPU
		{F036B20D-C2C7-4CD7-88EF-C59942BBBBE9}.Release|Any CPU.Build.0 = Release|Any CPU
		{AC8FA285-A0D1-49F8-93C9-425654E447FB}.Debug|Any CPU.ActiveCfg = Debug|Any CPU
		{AC8FA285-A0D1-49F8-93C9-425654E447FB}.Debug|Any CPU.Build.0 = Debug|Any CPU
		{AC8FA285-A0D1-49F8-93C9-425654E447FB}.Release|Any CPU.ActiveCfg = Release|Any CPU
		{AC8FA285-A0D1-49F8-93C9-425654E447FB}.Release|Any CPU.Build.0 = Release|Any CPU
		{3F86B6C5-CB0C-48DF-B5E1-3774E0D25993}.Debug|Any CPU.ActiveCfg = Debug|Any CPU
		{3F86B6C5-CB0C-48DF-B5E1-3774E0D25993}.Debug|Any CPU.Build.0 = Debug|Any CPU
		{3F86B6C5-CB0C-48DF-B5E1-3774E0D25993}.Release|Any CPU.ActiveCfg = Release|Any CPU
		{3F86B6C5-CB0C-48DF-B5E1-3774E0D25993}.Release|Any CPU.Build.0 = Release|Any CPU
		{208A950E-058F-4765-B7FE-945B5F05E669}.Debug|Any CPU.ActiveCfg = Debug|Any CPU
		{208A950E-058F-4765-B7FE-945B5F05E669}.Debug|Any CPU.Build.0 = Debug|Any CPU
		{208A950E-058F-4765-B7FE-945B5F05E669}.Release|Any CPU.ActiveCfg = Release|Any CPU
		{208A950E-058F-4765-B7FE-945B5F05E669}.Release|Any CPU.Build.0 = Release|Any CPU
		{1172BC1D-A69A-46E5-BF07-EAAFAA2D6976}.Debug|Any CPU.ActiveCfg = Debug|Any CPU
		{1172BC1D-A69A-46E5-BF07-EAAFAA2D6976}.Debug|Any CPU.Build.0 = Debug|Any CPU
		{1172BC1D-A69A-46E5-BF07-EAAFAA2D6976}.Release|Any CPU.ActiveCfg = Release|Any CPU
		{1172BC1D-A69A-46E5-BF07-EAAFAA2D6976}.Release|Any CPU.Build.0 = Release|Any CPU
		{CCAB0DF0-8632-46D6-A7FD-9253BDB39FFE}.Debug|Any CPU.ActiveCfg = Debug|Any CPU
		{CCAB0DF0-8632-46D6-A7FD-9253BDB39FFE}.Debug|Any CPU.Build.0 = Debug|Any CPU
		{CCAB0DF0-8632-46D6-A7FD-9253BDB39FFE}.Release|Any CPU.ActiveCfg = Release|Any CPU
		{CCAB0DF0-8632-46D6-A7FD-9253BDB39FFE}.Release|Any CPU.Build.0 = Release|Any CPU
		{E6D1E882-21AE-49FE-9058-CAE1249E0B45}.Debug|Any CPU.ActiveCfg = Debug|Any CPU
		{E6D1E882-21AE-49FE-9058-CAE1249E0B45}.Debug|Any CPU.Build.0 = Debug|Any CPU
		{E6D1E882-21AE-49FE-9058-CAE1249E0B45}.Release|Any CPU.ActiveCfg = Release|Any CPU
		{E6D1E882-21AE-49FE-9058-CAE1249E0B45}.Release|Any CPU.Build.0 = Release|Any CPU
		{B29986CC-604A-4E62-863D-ED18DD2D8F42}.Debug|Any CPU.ActiveCfg = Debug|Any CPU
		{B29986CC-604A-4E62-863D-ED18DD2D8F42}.Debug|Any CPU.Build.0 = Debug|Any CPU
		{B29986CC-604A-4E62-863D-ED18DD2D8F42}.Release|Any CPU.ActiveCfg = Release|Any CPU
		{B29986CC-604A-4E62-863D-ED18DD2D8F42}.Release|Any CPU.Build.0 = Release|Any CPU
	EndGlobalSection
	GlobalSection(SolutionProperties) = preSolution
		HideSolutionNode = FALSE
	EndGlobalSection
	GlobalSection(ExtensibilityGlobals) = postSolution
		SolutionGuid = {17578073-B024-4027-9853-991F48FA338C}
	EndGlobalSection
EndGlobal
